<?xml version="1.0" encoding="utf-8"?>
<Project ToolsVersion="4.0" xmlns="http://schemas.microsoft.com/developer/msbuild/2003">
  <ItemGroup>
    <Filter Include="Game">
      <UniqueIdentifier>{d2d0fd71-4d67-48c2-b343-6fdb5782e40f}</UniqueIdentifier>
    </Filter>
    <Filter Include="Main">
      <UniqueIdentifier>{7efaf247-0110-432a-9d3a-fb863c368ac6}</UniqueIdentifier>
    </Filter>
    <Filter Include="Shaders">
      <UniqueIdentifier>{ec1fc7a4-e083-4ffe-aa6f-9f1c2c16b5c4}</UniqueIdentifier>
    </Filter>
    <Filter Include="Main\Camera">
      <UniqueIdentifier>{e3f04440-b2f4-40de-bae5-a9d3d7dc812d}</UniqueIdentifier>
    </Filter>
    <Filter Include="Shaders\01. BasicShapes">
      <UniqueIdentifier>{8baeaaea-55a7-444e-89c9-8c6281e38120}</UniqueIdentifier>
    </Filter>
    <Filter Include="Shaders\Common">
      <UniqueIdentifier>{10bb9619-9f82-4d5b-b7f0-d3d27d3936d4}</UniqueIdentifier>
    </Filter>
    <Filter Include="Game\01. BasicShapes">
      <UniqueIdentifier>{d2d84f35-823c-4790-9b97-07fac75a2b31}</UniqueIdentifier>
    </Filter>
    <Filter Include="Shaders\02.Lighting, Material">
      <UniqueIdentifier>{4f20a1d8-1e1e-4b27-a15f-8f7b98af9ed7}</UniqueIdentifier>
    </Filter>
    <Filter Include="Game\02. Lighting, Material">
      <UniqueIdentifier>{b3c633c7-ba9e-443e-9467-40893368b283}</UniqueIdentifier>
    </Filter>
  </ItemGroup>
  <ItemGroup>
    <ClCompile Include="pch.cpp">
      <Filter>Main</Filter>
    </ClCompile>
    <ClCompile Include="Main.cpp">
      <Filter>Main</Filter>
    </ClCompile>
    <ClCompile Include="CameraScript.cpp">
      <Filter>Main\Camera</Filter>
    </ClCompile>
    <ClCompile Include="Turning.cpp" />
    <ClCompile Include="01. TriangleDemo.cpp">
      <Filter>Game\01. BasicShapes</Filter>
    </ClCompile>
    <ClCompile Include="02. QuadDemo.cpp">
      <Filter>Game\01. BasicShapes</Filter>
    </ClCompile>
    <ClCompile Include="03. ConstBufferDemo.cpp">
      <Filter>Game\01. BasicShapes</Filter>
    </ClCompile>
    <ClCompile Include="04. CameraDemo.cpp">
      <Filter>Game\01. BasicShapes</Filter>
    </ClCompile>
    <ClCompile Include="05. TextureDemo.cpp">
      <Filter>Game\01. BasicShapes</Filter>
    </ClCompile>
    <ClCompile Include="06. SamplerDemo.cpp">
      <Filter>Game\01. BasicShapes</Filter>
    </ClCompile>
    <ClCompile Include="07. HeightMapDemo.cpp">
      <Filter>Game\01. BasicShapes</Filter>
    </ClCompile>
    <ClCompile Include="08. NormalDemo.cpp">
      <Filter>Game\01. BasicShapes</Filter>
    </ClCompile>
    <ClCompile Include="09. MeshDemo.cpp">
      <Filter>Game\01. BasicShapes</Filter>
    </ClCompile>
    <ClCompile Include="10. GlobalTestDemo.cpp">
      <Filter>Game\02. Lighting, Material</Filter>
    </ClCompile>
    <ClCompile Include="11. DepthStencilDemo.cpp">
      <Filter>Game\02. Lighting, Material</Filter>
    </ClCompile>
    <ClCompile Include="12. AmbientDemo.cpp">
      <Filter>Game\02. Lighting, Material</Filter>
    </ClCompile>
    <ClCompile Include="13. DiffuseDemo.cpp">
      <Filter>Game\02. Lighting, Material</Filter>
    </ClCompile>
    <ClCompile Include="14. SpecularDemo.cpp">
      <Filter>Game\02. Lighting, Material</Filter>
    </ClCompile>
    <ClCompile Include="15. EmissiveDemo.cpp">
      <Filter>Game\02. Lighting, Material</Filter>
    </ClCompile>
    <ClCompile Include="16. LightingDemo.cpp">
      <Filter>Game\02. Lighting, Material</Filter>
    </ClCompile>
    <ClCompile Include="17. MaterialDemo.cpp">
      <Filter>Game\02. Lighting, Material</Filter>
    </ClCompile>
    <ClCompile Include="18. NormalMappingDemo.cpp">
      <Filter>Game\02. Lighting, Material</Filter>
    </ClCompile>
  </ItemGroup>
  <ItemGroup>
    <ClInclude Include="pch.h">
      <Filter>Main</Filter>
    </ClInclude>
    <ClInclude Include="Main.h">
      <Filter>Main</Filter>
    </ClInclude>
    <ClInclude Include="CameraScript.h">
      <Filter>Main\Camera</Filter>
    </ClInclude>
    <ClInclude Include="Turning.h" />
    <ClInclude Include="01. TriangleDemo.h">
      <Filter>Game\01. BasicShapes</Filter>
    </ClInclude>
    <ClInclude Include="02. QuadDemo.h">
      <Filter>Game\01. BasicShapes</Filter>
    </ClInclude>
    <ClInclude Include="03. ConstBufferDemo.h">
      <Filter>Game\01. BasicShapes</Filter>
    </ClInclude>
    <ClInclude Include="04. CameraDemo.h">
      <Filter>Game\01. BasicShapes</Filter>
    </ClInclude>
    <ClInclude Include="05. TextureDemo.h">
      <Filter>Game\01. BasicShapes</Filter>
    </ClInclude>
    <ClInclude Include="06. SamplerDemo.h">
      <Filter>Game\01. BasicShapes</Filter>
    </ClInclude>
    <ClInclude Include="07. HeightMapDemo.h">
      <Filter>Game\01. BasicShapes</Filter>
    </ClInclude>
    <ClInclude Include="08. NormalDemo.h">
      <Filter>Game\01. BasicShapes</Filter>
    </ClInclude>
    <ClInclude Include="09. MeshDemo.h">
      <Filter>Game\01. BasicShapes</Filter>
    </ClInclude>
    <ClInclude Include="10. GlobalTestDemo.h">
      <Filter>Game\02. Lighting, Material</Filter>
    </ClInclude>
    <ClInclude Include="11. DepthStencilDemo.h">
      <Filter>Game\02. Lighting, Material</Filter>
    </ClInclude>
    <ClInclude Include="12. AmbientDemo.h">
      <Filter>Game\02. Lighting, Material</Filter>
    </ClInclude>
    <ClInclude Include="13. DiffuseDemo.h">
      <Filter>Game\02. Lighting, Material</Filter>
    </ClInclude>
    <ClInclude Include="14. SpecularDemo.h">
      <Filter>Game\02. Lighting, Material</Filter>
    </ClInclude>
    <ClInclude Include="15. EmissiveDemo.h">
      <Filter>Game\02. Lighting, Material</Filter>
    </ClInclude>
    <ClInclude Include="16. LightingDemo.h">
      <Filter>Game\02. Lighting, Material</Filter>
    </ClInclude>
    <ClInclude Include="17. MaterialDemo.h">
      <Filter>Game\02. Lighting, Material</Filter>
    </ClInclude>
    <ClInclude Include="18. NormalMappingDemo.h">
      <Filter>Game\02. Lighting, Material</Filter>
    </ClInclude>
    <ClInclude Include="BasicShapes.h">
      <Filter>Game\01. BasicShapes</Filter>
    </ClInclude>
    <ClInclude Include="LightingMaterial.h">
      <Filter>Game\02. Lighting, Material</Filter>
    </ClInclude>
  </ItemGroup>
  <ItemGroup>
    <FxCompile Include="..\Shaders\01. Triangle.fx">
      <Filter>Shaders\01. BasicShapes</Filter>
    </FxCompile>
    <FxCompile Include="..\Shaders\02. Quad.fx">
      <Filter>Shaders\01. BasicShapes</Filter>
    </FxCompile>
    <FxCompile Include="..\Shaders\03. ConstBuffer.fx">
      <Filter>Shaders\01. BasicShapes</Filter>
    </FxCompile>
    <FxCompile Include="..\Shaders\04. Texture.fx">
      <Filter>Shaders\01. BasicShapes</Filter>
    </FxCompile>
    <FxCompile Include="..\Shaders\05. Sampler.fx">
      <Filter>Shaders\01. BasicShapes</Filter>
    </FxCompile>
    <FxCompile Include="..\Shaders\06. Terrain.fx">
      <Filter>Shaders\01. BasicShapes</Filter>
    </FxCompile>
    <FxCompile Include="..\Shaders\07. Normal.fx">
      <Filter>Shaders\01. BasicShapes</Filter>
    </FxCompile>
    <FxCompile Include="..\Shaders\00. Global.fx">
      <Filter>Shaders\Common</Filter>
    </FxCompile>
    <FxCompile Include="..\Shaders\08. GlobalTest.fx">
      <Filter>Shaders\02.Lighting, Material</Filter>
    </FxCompile>
    <FxCompile Include="..\Shaders\09. Lighting_Ambient.fx">
      <Filter>Shaders\02.Lighting, Material</Filter>
    </FxCompile>
    <FxCompile Include="..\Shaders\10. Lighting_Diffuse.fx">
      <Filter>Shaders\02.Lighting, Material</Filter>
    </FxCompile>
    <FxCompile Include="..\Shaders\11. Lighting_Specular.fx">
      <Filter>Shaders\02.Lighting, Material</Filter>
    </FxCompile>
    <FxCompile Include="..\Shaders\12. Lighting_Emissive.fx">
      <Filter>Shaders\02.Lighting, Material</Filter>
    </FxCompile>
    <FxCompile Include="..\Shaders\00. Light.fx">
      <Filter>Shaders\Common</Filter>
    </FxCompile>
    <FxCompile Include="..\Shaders\13. Lighting.fx">
      <Filter>Shaders\02.Lighting, Material</Filter>
    </FxCompile>
    <FxCompile Include="..\Shaders\14. NormalMapping.fx">
      <Filter>Shaders\02.Lighting, Material</Filter>
    </FxCompile>
  </ItemGroup>
</Project>