<?xml version="1.0" encoding="utf-8"?>
<Project ToolsVersion="4.0" xmlns="http://schemas.microsoft.com/developer/msbuild/2003">
  <ItemGroup>
    <Filter Include="Game">
      <UniqueIdentifier>{d2d0fd71-4d67-48c2-b343-6fdb5782e40f}</UniqueIdentifier>
    </Filter>
    <Filter Include="Main">
      <UniqueIdentifier>{7efaf247-0110-432a-9d3a-fb863c368ac6}</UniqueIdentifier>
    </Filter>
    <Filter Include="Shaders">
      <UniqueIdentifier>{ec1fc7a4-e083-4ffe-aa6f-9f1c2c16b5c4}</UniqueIdentifier>
    </Filter>
    <Filter Include="Main\Camera">
      <UniqueIdentifier>{e3f04440-b2f4-40de-bae5-a9d3d7dc812d}</UniqueIdentifier>
    </Filter>
  </ItemGroup>
  <ItemGroup>
    <ClCompile Include="pch.cpp">
      <Filter>Main</Filter>
    </ClCompile>
    <ClCompile Include="Main.cpp">
      <Filter>Main</Filter>
    </ClCompile>
    <ClCompile Include="01. TriangleDemo.cpp">
      <Filter>Game</Filter>
    </ClCompile>
    <ClCompile Include="02. QuadDemo.cpp">
      <Filter>Game</Filter>
    </ClCompile>
    <ClCompile Include="03. ConstBufferDemo.cpp">
      <Filter>Game</Filter>
    </ClCompile>
    <ClCompile Include="04. CameraDemo.cpp">
      <Filter>Game</Filter>
    </ClCompile>
    <ClCompile Include="CameraScript.cpp">
      <Filter>Main\Camera</Filter>
    </ClCompile>
    <ClCompile Include="05. TextureDemo.cpp">
      <Filter>Game</Filter>
    </ClCompile>
  </ItemGroup>
  <ItemGroup>
    <ClInclude Include="pch.h">
      <Filter>Main</Filter>
    </ClInclude>
    <ClInclude Include="Main.h">
      <Filter>Main</Filter>
    </ClInclude>
    <ClInclude Include="01. TriangleDemo.h">
      <Filter>Game</Filter>
    </ClInclude>
    <ClInclude Include="02. QuadDemo.h">
      <Filter>Game</Filter>
    </ClInclude>
    <ClInclude Include="03. ConstBufferDemo.h">
      <Filter>Game</Filter>
    </ClInclude>
    <ClInclude Include="04. CameraDemo.h">
      <Filter>Game</Filter>
    </ClInclude>
    <ClInclude Include="CameraScript.h">
      <Filter>Main\Camera</Filter>
    </ClInclude>
    <ClInclude Include="05. TextureDemo.h">
      <Filter>Game</Filter>
    </ClInclude>
  </ItemGroup>
  <ItemGroup>
    <FxCompile Include="..\Shaders\01. Triangle.fx">
      <Filter>Shaders</Filter>
    </FxCompile>
    <FxCompile Include="..\Shaders\02. Quad.fx">
      <Filter>Shaders</Filter>
    </FxCompile>
    <FxCompile Include="..\Shaders\03. ConstBuffer.fx">
      <Filter>Shaders</Filter>
    </FxCompile>
    <FxCompile Include="..\Shaders\04. Texture.fx">
      <Filter>Shaders</Filter>
    </FxCompile>
  </ItemGroup>
</Project>