
Microsoft Visual Studio Solution File, Format Version 12.00
# Visual Studio Version 17
VisualStudioVersion = 17.6.33712.159
MinimumVisualStudioVersion = 10.0.40219.1
Project("{8BC9CEB8-8B4A-11D0-8D11-00A0C91BC942}") = "InhaGameStudy", "InhaGameStudy\InhaGameStudy.vcxproj", "{00983482-19E1-423F-8686-88F1CCBBCB1B}"
EndProject
Global
	GlobalSection(SolutionConfigurationPlatforms) = preSolution
		Debug|x64 = Debug|x64
		Debug|x86 = Debug|x86
		Release|x64 = Release|x64
		Release|x86 = Release|x86
	EndGlobalSection
	GlobalSection(ProjectConfigurationPlatforms) = postSolution
		{00983482-19E1-423F-8686-88F1CCBBCB1B}.Debug|x64.ActiveCfg = Debug|x64
		{00983482-19E1-423F-8686-88F1CCBBCB1B}.Debug|x64.Build.0 = Debug|x64
		{00983482-19E1-423F-8686-88F1CCBBCB1B}.Debug|x86.ActiveCfg = Debug|Win32
		{00983482-19E1-423F-8686-88F1CCBBCB1B}.Debug|x86.Build.0 = Debug|Win32
		{00983482-19E1-423F-8686-88F1CCBBCB1B}.Release|x64.ActiveCfg = Release|x64
		{00983482-19E1-423F-8686-88F1CCBBCB1B}.Release|x64.Build.0 = Release|x64
		{00983482-19E1-423F-8686-88F1CCBBCB1B}.Release|x86.ActiveCfg = Release|Win32
		{00983482-19E1-423F-8686-88F1CCBBCB1B}.Release|x86.Build.0 = Release|Win32
	EndGlobalSection
	GlobalSection(SolutionProperties) = preSolution
		HideSolutionNode = FALSE
	EndGlobalSection
	GlobalSection(ExtensibilityGlobals) = postSolution
		SolutionGuid = {006E8DAA-A9FA-49C6-A934-68D984E0DE7F}
	EndGlobalSection
EndGlobal
